
Microsoft Visual Studio Solution File, Format Version 12.00
# Visual Studio Version 17
VisualStudioVersion = 17.9.34728.123
MinimumVisualStudioVersion = 10.0.40219.1
Project("{FAE04EC0-301F-11D3-BF4B-00C04F79EFBC}") = "MCity", "MCity\MCity.csproj", "{93B1BE72-00D5-4A11-80C0-0DA32AB80B4D}"
EndProject
Project("{FAE04EC0-301F-11D3-BF4B-00C04F79EFBC}") = "MCity.Client", "MCity.Client\MCity.Client.csproj", "{8660DC22-BC7C-41D9-82EB-F5AE771C9528}"
EndProject
Global
	GlobalSection(SolutionConfigurationPlatforms) = preSolution
		Debug|Any CPU = Debug|Any CPU
		Release|Any CPU = Release|Any CPU
	EndGlobalSection
	GlobalSection(ProjectConfigurationPlatforms) = postSolution
		{93B1BE72-00D5-4A11-80C0-0DA32AB80B4D}.Debug|Any CPU.ActiveCfg = Debug|Any CPU
		{93B1BE72-00D5-4A11-80C0-0DA32AB80B4D}.Debug|Any CPU.Build.0 = Debug|Any CPU
		{93B1BE72-00D5-4A11-80C0-0DA32AB80B4D}.Release|Any CPU.ActiveCfg = Release|Any CPU
		{93B1BE72-00D5-4A11-80C0-0DA32AB80B4D}.Release|Any CPU.Build.0 = Release|Any CPU
		{8660DC22-BC7C-41D9-82EB-F5AE771C9528}.Debug|Any CPU.ActiveCfg = Debug|Any CPU
		{8660DC22-BC7C-41D9-82EB-F5AE771C9528}.Debug|Any CPU.Build.0 = Debug|Any CPU
		{8660DC22-BC7C-41D9-82EB-F5AE771C9528}.Release|Any CPU.ActiveCfg = Release|Any CPU
		{8660DC22-BC7C-41D9-82EB-F5AE771C9528}.Release|Any CPU.Build.0 = Release|Any CPU
	EndGlobalSection
	GlobalSection(SolutionProperties) = preSolution
		HideSolutionNode = FALSE
	EndGlobalSection
	GlobalSection(ExtensibilityGlobals) = postSolution
		SolutionGuid = {26B1A504-1017-4121-A1E1-995E14EBC4A8}
	EndGlobalSection
EndGlobal
